<?xml version="1.0" encoding="utf-8"?>
<Project ToolsVersion="4.0" xmlns="http://schemas.microsoft.com/developer/msbuild/2003">
  <ItemGroup>
    <ClCompile Include="model\Bicycle.cpp">
      <Filter>model</Filter>
    </ClCompile>
    <ClCompile Include="model\Car.cpp">
      <Filter>model</Filter>
    </ClCompile>
    <ClCompile Include="model\Cone.cpp">
      <Filter>model</Filter>
    </ClCompile>
    <ClCompile Include="model\Item.cpp">
      <Filter>model</Filter>
    </ClCompile>
    <ClCompile Include="model\VehicleBase.cpp">
      <Filter>model</Filter>
    </ClCompile>
    <ClCompile Include="model\World.cpp">
      <Filter>model</Filter>
    </ClCompile>
    <ClCompile Include="ControlSim.cpp" />
    <ClCompile Include="model\ObstacleBase.cpp">
      <Filter>model</Filter>
    </ClCompile>
    <ClCompile Include="model\Point.cpp">
      <Filter>model</Filter>
    </ClCompile>
  </ItemGroup>
  <ItemGroup>
    <ClInclude Include="model\World.h">
      <Filter>model</Filter>
    </ClInclude>
    <ClInclude Include="model\Bicycle.h">
      <Filter>model</Filter>
    </ClInclude>
    <ClInclude Include="model\Car.h">
      <Filter>model</Filter>
    </ClInclude>
    <ClInclude Include="model\Cone.h">
      <Filter>model</Filter>
    </ClInclude>
    <ClInclude Include="model\Item.h">
      <Filter>model</Filter>
    </ClInclude>
    <ClInclude Include="model\VehicleBase.h">
      <Filter>model</Filter>
    </ClInclude>
    <ClInclude Include="model\ObstacleBase.h">
      <Filter>model</Filter>
    </ClInclude>
    <ClInclude Include="model\Point.h">
      <Filter>model</Filter>
    </ClInclude>
  </ItemGroup>
  <ItemGroup>
    <Filter Include="model">
      <UniqueIdentifier>{d03cae04-90c6-4fcd-887f-727df772ebcc}</UniqueIdentifier>
    </Filter>
    <Filter Include="controller">
      <UniqueIdentifier>{f97c4503-032b-4729-9100-8ccc5cb2937f}</UniqueIdentifier>
    </Filter>
    <Filter Include="view">
      <UniqueIdentifier>{c480099f-ef09-4b91-9ee4-18a338105308}</UniqueIdentifier>
    </Filter>
  </ItemGroup>
  <ItemGroup>
    <None Include="ClassDiagram.cd" />
  </ItemGroup>
</Project>