<?xml version="1.0" encoding="utf-8"?>
<Project ToolsVersion="4.0" xmlns="http://schemas.microsoft.com/developer/msbuild/2003">
  <ItemGroup>
    <Filter Include="controller">
      <UniqueIdentifier>{f97c4503-032b-4729-9100-8ccc5cb2937f}</UniqueIdentifier>
    </Filter>
    <Filter Include="view">
      <UniqueIdentifier>{c480099f-ef09-4b91-9ee4-18a338105308}</UniqueIdentifier>
    </Filter>
    <Filter Include="model">
      <UniqueIdentifier>{6109aa85-0efb-46b2-9e3f-000fc20892ec}</UniqueIdentifier>
    </Filter>
  </ItemGroup>
  <ItemGroup>
    <ClCompile Include="src\ControlSim.cpp" />
    <ClCompile Include="src\model\Vehicle.cpp">
      <Filter>model</Filter>
    </ClCompile>
    <ClCompile Include="src\controller\App.cpp">
      <Filter>controller</Filter>
    </ClCompile>
    <ClCompile Include="src\view\AppView.cpp">
      <Filter>view</Filter>
    </ClCompile>
    <ClCompile Include="src\controller\KeyboardControl.cpp" />
    <ClCompile Include="src\model\VehicleState.cpp" />
    <ClCompile Include="src\view\VehicleView.cpp" />
    <ClCompile Include="src\view\ConeView.cpp" />
    <ClCompile Include="src\model\perception\Perception.cpp" />
    <ClCompile Include="src\model\pathPlanning\PathPlanner.cpp" />
    <ClCompile Include="src\view\PathView.cpp" />
    <ClCompile Include="src\view\PerceptionView.cpp" />
    <ClCompile Include="src\model\controllerLogic\AIControl.cpp" />
    <ClCompile Include="src\model\items\Path.cpp" />
    <ClCompile Include="src\view\GridView.cpp" />
    <ClCompile Include="src\model\pathPlanning\heuristics\DubinsStateSpace.cpp" />
    <ClCompile Include="src\model\utils\Point.cpp" />
    <ClCompile Include="src\model\mapReaders\MATLAB\MatlabMapReader.cpp" />
    <ClCompile Include="src\model\events\InputEventPublisher.cpp" />
  </ItemGroup>
  <ItemGroup>
    <ClInclude Include="src\model\items\Cone.h">
      <Filter>model</Filter>
    </ClInclude>
    <ClInclude Include="src\model\items\Item.h">
      <Filter>model</Filter>
    </ClInclude>
    <ClInclude Include="src\model\items\ObstacleBase.h">
      <Filter>model</Filter>
    </ClInclude>
    <ClInclude Include="src\model\utils\Point.h">
      <Filter>model</Filter>
    </ClInclude>
    <ClInclude Include="src\model\Vehicle.h">
      <Filter>model</Filter>
    </ClInclude>
    <ClInclude Include="src\model\controllerLogic\IControllerLogic.h">
      <Filter>controller</Filter>
    </ClInclude>
    <ClInclude Include="src\view\AppView.h">
      <Filter>view</Filter>
    </ClInclude>
    <ClInclude Include="src\model\utils\Vec3.h">
      <Filter>model</Filter>
    </ClInclude>
    <ClInclude Include="src\controller\KeyboardControl.h" />
    <ClInclude Include="src\model\VehicleState.h" />
    <ClInclude Include="src\model\utils\ModelUtils.h" />
    <ClInclude Include="src\model\mapReaders\IMapReader.h" />
    <ClInclude Include="src\model\mapReaders\ManualMapReader.h" />
    <ClInclude Include="src\view\VehicleView.h" />
    <ClInclude Include="src\view\ConeView.h" />
    <ClInclude Include="src\view\ItemView.h" />
    <ClInclude Include="src\model\utils\SimpleTimer.h" />
    <ClInclude Include="src\model\perception\Perception.h" />
    <ClInclude Include="src\model\pathPlanning\PathPlanner.h" />
    <ClInclude Include="src\view\PathView.h" />
    <ClInclude Include="src\view\PerceptionView.h" />
    <ClInclude Include="src\model\controllerLogic\AIControl.h" />
    <ClInclude Include="src\model\controllerLogic\ControlCommand.h" />
    <ClInclude Include="src\model\pathPlanning\PathNode.h" />
    <ClInclude Include="src\model\items\Path.h" />
    <ClInclude Include="src\model\vehicleModels\IVehicleModels.h" />
    <ClInclude Include="src\view\GridView.h" />
    <ClInclude Include="src\model\pathPlanning\heuristics\DubinsStateSpace.h" />
    <ClInclude Include="src\model\utils\Angle.h" />
    <ClInclude Include="src\model\utils\Pose.h" />
    <ClInclude Include="src\controller\App.h" />
    <ClInclude Include="src\model\mapReaders\MATLAB\MatlabMapReader.h" />
    <ClInclude Include="src\model\utils\FixSizedQueue.h" />
    <ClInclude Include="src\model\events\InputEventPublisher.h" />
    <ClInclude Include="src\model\events\InputEventHandler.h" />
  </ItemGroup>
  <ItemGroup>
    <None Include="ClassDiagram.cd" />
  </ItemGroup>
</Project>